# This file is autogenerated, do not edit; changes may be undone by the next 'dep ensure'.


[[projects]]
  branch = "master"
  name = "github.com/bsphere/le_go"
  packages = ["."]
  revision = "7a984a84b5492ae539b79b62fb4a10afc63c7bcf"

[[projects]]
  name = "github.com/golang/mock"
  packages = ["gomock"]
  revision = "13f360950a79f5864a972c786a10a50e44b69541"
  version = "v1.0.0"

[solve-meta]
  analyzer-name = "dep"
  analyzer-version = 1
  inputs-digest = "008131c505f96964a14b00e1363a14682be2e0d49581f271b14a622c4ef43cb3"
  solver-name = "gps-cdcl"
  solver-version = 1
